{
    "_readme": [
        "This file locks the dependencies of your project to a known state",
        "Read more about it at https://getcomposer.org/doc/01-basic-usage.md#composer-lock-the-lock-file",
        "This file is @generated automatically"
    ],
    "content-hash": "6fcf3ce043fb12fa2ebd036b72d95297",
    "packages": [
        {
            "name": "eightb/home_plugin_1/client",
            "version": "dev-master",
            "source": {
                "type": "git",
                "url": "git@cheap:/wordpress/plugins/eightb/home_plugin_1/client.git",
                "reference": "master"
            },
            "type": "library",
            "time": "2017-03-05 09:59:36"
        }
    ],
    "packages-dev": [],
    "aliases": [],
    "minimum-stability": "stable",
    "stability-flags": {
        "eightb/home_plugin_1/client": 20
    },
    "prefer-stable": false,
    "prefer-lowest": false,
    "platform": [],
    "platform-dev": []
}
